// !$*UTF8*$!
{
	archiveVersion = 1;
	classes = {
	};
	objectVersion = 46;
	objects = {

/* Begin PBXBuildFile section */
		C3073AE41BE2C77C00EC89B7 /* Share.m in Sources */ = {isa = PBXBuildFile; fileRef = C3073AD71BE2C77C00EC89B7 /* Share.m */; };
		C37509FA1C79388900516C15 /* AIRExtHelpers.framework in Frameworks */ = {isa = PBXBuildFile; fileRef = C37509F91C79388900516C15 /* AIRExtHelpers.framework */; };
		C3D33A701EF1380000285C40 /* IsSupportedFunction.m in Sources */ = {isa = PBXBuildFile; fileRef = C3D33A6F1EF1380000285C40 /* IsSupportedFunction.m */; };
		C3D33A731EF13A3E00285C40 /* UIKit.framework in Frameworks */ = {isa = PBXBuildFile; fileRef = C3D33A721EF13A3E00285C40 /* UIKit.framework */; settings = {ATTRIBUTES = (Weak, ); }; };
		C3D33A761EF13AAC00285C40 /* ShareFunction.m in Sources */ = {isa = PBXBuildFile; fileRef = C3D33A751EF13AAC00285C40 /* ShareFunction.m */; };
		C3D33A791EF14B2D00285C40 /* ShareItem.m in Sources */ = {isa = PBXBuildFile; fileRef = C3D33A781EF14B2D00285C40 /* ShareItem.m */; };
/* End PBXBuildFile section */

/* Begin PBXCopyFilesBuildPhase section */
		C35331DC1B7BCE8A003A7521 /* CopyFiles */ = {
			isa = PBXCopyFilesBuildPhase;
			buildActionMask = 2147483647;
			dstPath = "include/$(PRODUCT_NAME)";
			dstSubfolderSpec = 16;
			files = (
			);
			runOnlyForDeploymentPostprocessing = 0;
		};
/* End PBXCopyFilesBuildPhase section */

/* Begin PBXFileReference section */
		C3073AD61BE2C77C00EC89B7 /* Share.h */ = {isa = PBXFileReference; fileEncoding = 4; lastKnownFileType = sourcecode.c.h; path = Share.h; sourceTree = "<group>"; };
		C3073AD71BE2C77C00EC89B7 /* Share.m */ = {isa = PBXFileReference; fileEncoding = 4; lastKnownFileType = sourcecode.c.objc; path = Share.m; sourceTree = "<group>"; };
		C35331DE1B7BCE8A003A7521 /* libShare.a */ = {isa = PBXFileReference; explicitFileType = archive.ar; includeInIndex = 0; path = libShare.a; sourceTree = BUILT_PRODUCTS_DIR; };
		C37509F91C79388900516C15 /* AIRExtHelpers.framework */ = {isa = PBXFileReference; lastKnownFileType = wrapper.framework; path = AIRExtHelpers.framework; sourceTree = "<group>"; };
		C3D33A6E1EF1380000285C40 /* IsSupportedFunction.h */ = {isa = PBXFileReference; fileEncoding = 4; lastKnownFileType = sourcecode.c.h; path = IsSupportedFunction.h; sourceTree = "<group>"; };
		C3D33A6F1EF1380000285C40 /* IsSupportedFunction.m */ = {isa = PBXFileReference; fileEncoding = 4; lastKnownFileType = sourcecode.c.objc; path = IsSupportedFunction.m; sourceTree = "<group>"; };
		C3D33A721EF13A3E00285C40 /* UIKit.framework */ = {isa = PBXFileReference; lastKnownFileType = wrapper.framework; name = UIKit.framework; path = System/Library/Frameworks/UIKit.framework; sourceTree = SDKROOT; };
		C3D33A741EF13AAC00285C40 /* ShareFunction.h */ = {isa = PBXFileReference; fileEncoding = 4; lastKnownFileType = sourcecode.c.h; path = ShareFunction.h; sourceTree = "<group>"; };
		C3D33A751EF13AAC00285C40 /* ShareFunction.m */ = {isa = PBXFileReference; fileEncoding = 4; lastKnownFileType = sourcecode.c.objc; path = ShareFunction.m; sourceTree = "<group>"; };
		C3D33A771EF14B2D00285C40 /* ShareItem.h */ = {isa = PBXFileReference; fileEncoding = 4; lastKnownFileType = sourcecode.c.h; path = ShareItem.h; sourceTree = "<group>"; };
		C3D33A781EF14B2D00285C40 /* ShareItem.m */ = {isa = PBXFileReference; fileEncoding = 4; lastKnownFileType = sourcecode.c.objc; path = ShareItem.m; sourceTree = "<group>"; };
		C3D33A7B1EF1B2CF00285C40 /* ShareEvent.h */ = {isa = PBXFileReference; fileEncoding = 4; lastKnownFileType = sourcecode.c.h; name = ShareEvent.h; path = Data/ShareEvent.h; sourceTree = "<group>"; };
/* End PBXFileReference section */

/* Begin PBXFrameworksBuildPhase section */
		C35331DB1B7BCE8A003A7521 /* Frameworks */ = {
			isa = PBXFrameworksBuildPhase;
			buildActionMask = 2147483647;
			files = (
				C3D33A731EF13A3E00285C40 /* UIKit.framework in Frameworks */,
				C37509FA1C79388900516C15 /* AIRExtHelpers.framework in Frameworks */,
			);
			runOnlyForDeploymentPostprocessing = 0;
		};
/* End PBXFrameworksBuildPhase section */

/* Begin PBXGroup section */
		C3073AD51BE2C77C00EC89B7 /* Share */ = {
			isa = PBXGroup;
			children = (
				C37509F81C79388900516C15 /* Frameworks */,
				C3073AD61BE2C77C00EC89B7 /* Share.h */,
				C3073AD71BE2C77C00EC89B7 /* Share.m */,
				C3D33A771EF14B2D00285C40 /* ShareItem.h */,
				C3D33A781EF14B2D00285C40 /* ShareItem.m */,
				C3D33A7A1EF1B2B800285C40 /* Data */,
				C3073AE01BE2C77C00EC89B7 /* Functions */,
			);
			path = Share;
			sourceTree = "<group>";
		};
		C3073AE01BE2C77C00EC89B7 /* Functions */ = {
			isa = PBXGroup;
			children = (
				C3D33A6E1EF1380000285C40 /* IsSupportedFunction.h */,
				C3D33A6F1EF1380000285C40 /* IsSupportedFunction.m */,
				C3D33A741EF13AAC00285C40 /* ShareFunction.h */,
				C3D33A751EF13AAC00285C40 /* ShareFunction.m */,
			);
			path = Functions;
			sourceTree = "<group>";
		};
		C35331D51B7BCE8A003A7521 = {
			isa = PBXGroup;
			children = (
				C3073AD51BE2C77C00EC89B7 /* Share */,
				C35331DF1B7BCE8A003A7521 /* Products */,
				C3D33A711EF13A3E00285C40 /* Frameworks */,
			);
			sourceTree = "<group>";
		};
		C35331DF1B7BCE8A003A7521 /* Products */ = {
			isa = PBXGroup;
			children = (
				C35331DE1B7BCE8A003A7521 /* libShare.a */,
			);
			name = Products;
			sourceTree = "<group>";
		};
		C37509F81C79388900516C15 /* Frameworks */ = {
			isa = PBXGroup;
			children = (
				C37509F91C79388900516C15 /* AIRExtHelpers.framework */,
			);
			path = Frameworks;
			sourceTree = "<group>";
		};
		C3D33A711EF13A3E00285C40 /* Frameworks */ = {
			isa = PBXGroup;
			children = (
				C3D33A721EF13A3E00285C40 /* UIKit.framework */,
			);
			name = Frameworks;
			sourceTree = "<group>";
		};
		C3D33A7A1EF1B2B800285C40 /* Data */ = {
			isa = PBXGroup;
			children = (
				C3D33A7B1EF1B2CF00285C40 /* ShareEvent.h */,
			);
			name = Data;
			sourceTree = "<group>";
		};
/* End PBXGroup section */

/* Begin PBXNativeTarget section */
		C35331DD1B7BCE8A003A7521 /* Share */ = {
			isa = PBXNativeTarget;
			buildConfigurationList = C35331F21B7BCE8A003A7521 /* Build configuration list for PBXNativeTarget "Share" */;
			buildPhases = (
				C35331DA1B7BCE8A003A7521 /* Sources */,
				C35331DB1B7BCE8A003A7521 /* Frameworks */,
				C35331DC1B7BCE8A003A7521 /* CopyFiles */,
			);
			buildRules = (
			);
			dependencies = (
			);
			name = Share;
			productName = Share;
			productReference = C35331DE1B7BCE8A003A7521 /* libShare.a */;
			productType = "com.apple.product-type.library.static";
		};
/* End PBXNativeTarget section */

/* Begin PBXProject section */
		C35331D61B7BCE8A003A7521 /* Project object */ = {
			isa = PBXProject;
			attributes = {
				LastUpgradeCheck = 0640;
				ORGANIZATIONNAME = marpies;
				TargetAttributes = {
					C35331DD1B7BCE8A003A7521 = {
						CreatedOnToolsVersion = 6.4;
					};
				};
			};
			buildConfigurationList = C35331D91B7BCE8A003A7521 /* Build configuration list for PBXProject "Share" */;
			compatibilityVersion = "Xcode 3.2";
			developmentRegion = English;
			hasScannedForEncodings = 0;
			knownRegions = (
				en,
			);
			mainGroup = C35331D51B7BCE8A003A7521;
			productRefGroup = C35331DF1B7BCE8A003A7521 /* Products */;
			projectDirPath = "";
			projectRoot = "";
			targets = (
				C35331DD1B7BCE8A003A7521 /* Share */,
			);
		};
/* End PBXProject section */

/* Begin PBXSourcesBuildPhase section */
		C35331DA1B7BCE8A003A7521 /* Sources */ = {
			isa = PBXSourcesBuildPhase;
			buildActionMask = 2147483647;
			files = (
				C3D33A791EF14B2D00285C40 /* ShareItem.m in Sources */,
				C3D33A701EF1380000285C40 /* IsSupportedFunction.m in Sources */,
				C3D33A761EF13AAC00285C40 /* ShareFunction.m in Sources */,
				C3073AE41BE2C77C00EC89B7 /* Share.m in Sources */,
			);
			runOnlyForDeploymentPostprocessing = 0;
		};
/* End PBXSourcesBuildPhase section */

/* Begin XCBuildConfiguration section */
		C35331F01B7BCE8A003A7521 /* Debug */ = {
			isa = XCBuildConfiguration;
			buildSettings = {
				ALWAYS_SEARCH_USER_PATHS = NO;
				CLANG_CXX_LANGUAGE_STANDARD = "gnu++0x";
				CLANG_CXX_LIBRARY = "libc++";
				CLANG_ENABLE_MODULES = YES;
				CLANG_ENABLE_OBJC_ARC = YES;
				CLANG_WARN_BOOL_CONVERSION = YES;
				CLANG_WARN_CONSTANT_CONVERSION = YES;
				CLANG_WARN_DIRECT_OBJC_ISA_USAGE = YES_ERROR;
				CLANG_WARN_EMPTY_BODY = YES;
				CLANG_WARN_ENUM_CONVERSION = YES;
				CLANG_WARN_INT_CONVERSION = YES;
				CLANG_WARN_OBJC_ROOT_CLASS = YES_ERROR;
				CLANG_WARN_UNREACHABLE_CODE = YES;
				CLANG_WARN__DUPLICATE_METHOD_MATCH = YES;
				COPY_PHASE_STRIP = NO;
				DEBUG_INFORMATION_FORMAT = "dwarf-with-dsym";
				ENABLE_STRICT_OBJC_MSGSEND = YES;
				GCC_C_LANGUAGE_STANDARD = gnu99;
				GCC_DYNAMIC_NO_PIC = NO;
				GCC_NO_COMMON_BLOCKS = YES;
				GCC_OPTIMIZATION_LEVEL = 0;
				GCC_PREPROCESSOR_DEFINITIONS = (
					"DEBUG=1",
					"$(inherited)",
				);
				GCC_SYMBOLS_PRIVATE_EXTERN = NO;
				GCC_WARN_64_TO_32_BIT_CONVERSION = YES;
				GCC_WARN_ABOUT_RETURN_TYPE = YES_ERROR;
				GCC_WARN_UNDECLARED_SELECTOR = YES;
				GCC_WARN_UNINITIALIZED_AUTOS = YES_AGGRESSIVE;
				GCC_WARN_UNUSED_FUNCTION = YES;
				GCC_WARN_UNUSED_VARIABLE = YES;
				IPHONEOS_DEPLOYMENT_TARGET = 6.1;
				MTL_ENABLE_DEBUG_INFO = YES;
				ONLY_ACTIVE_ARCH = YES;
				SDKROOT = iphoneos10.3;
			};
			name = Debug;
		};
		C35331F11B7BCE8A003A7521 /* Release */ = {
			isa = XCBuildConfiguration;
			buildSettings = {
				ALWAYS_SEARCH_USER_PATHS = NO;
				CLANG_CXX_LANGUAGE_STANDARD = "gnu++0x";
				CLANG_CXX_LIBRARY = "libc++";
				CLANG_ENABLE_MODULES = YES;
				CLANG_ENABLE_OBJC_ARC = YES;
				CLANG_WARN_BOOL_CONVERSION = YES;
				CLANG_WARN_CONSTANT_CONVERSION = YES;
				CLANG_WARN_DIRECT_OBJC_ISA_USAGE = YES_ERROR;
				CLANG_WARN_EMPTY_BODY = YES;
				CLANG_WARN_ENUM_CONVERSION = YES;
				CLANG_WARN_INT_CONVERSION = YES;
				CLANG_WARN_OBJC_ROOT_CLASS = YES_ERROR;
				CLANG_WARN_UNREACHABLE_CODE = YES;
				CLANG_WARN__DUPLICATE_METHOD_MATCH = YES;
				COPY_PHASE_STRIP = NO;
				DEBUG_INFORMATION_FORMAT = "dwarf-with-dsym";
				ENABLE_NS_ASSERTIONS = NO;
				ENABLE_STRICT_OBJC_MSGSEND = YES;
				GCC_C_LANGUAGE_STANDARD = gnu99;
				GCC_NO_COMMON_BLOCKS = YES;
				GCC_WARN_64_TO_32_BIT_CONVERSION = YES;
				GCC_WARN_ABOUT_RETURN_TYPE = YES_ERROR;
				GCC_WARN_UNDECLARED_SELECTOR = YES;
				GCC_WARN_UNINITIALIZED_AUTOS = YES_AGGRESSIVE;
				GCC_WARN_UNUSED_FUNCTION = YES;
				GCC_WARN_UNUSED_VARIABLE = YES;
				IPHONEOS_DEPLOYMENT_TARGET = 6.1;
				MTL_ENABLE_DEBUG_INFO = NO;
				SDKROOT = iphoneos10.3;
				VALIDATE_PRODUCT = YES;
			};
			name = Release;
		};
		C35331F31B7BCE8A003A7521 /* Debug */ = {
			isa = XCBuildConfiguration;
			buildSettings = {
				FRAMEWORK_SEARCH_PATHS = (
					"$(inherited)",
					"$(PROJECT_DIR)/Share/Frameworks",
				);
				IPHONEOS_DEPLOYMENT_TARGET = 6.1;
				OTHER_LDFLAGS = "-ObjC";
				PRODUCT_NAME = "$(TARGET_NAME)";
				SDKROOT = iphoneos;
				SKIP_INSTALL = YES;
			};
			name = Debug;
		};
		C35331F41B7BCE8A003A7521 /* Release */ = {
			isa = XCBuildConfiguration;
			buildSettings = {
				FRAMEWORK_SEARCH_PATHS = (
					"$(inherited)",
					"$(PROJECT_DIR)/Share/Frameworks",
				);
				IPHONEOS_DEPLOYMENT_TARGET = 6.1;
				OTHER_LDFLAGS = "-ObjC";
				PRODUCT_NAME = "$(TARGET_NAME)";
				SDKROOT = iphoneos;
				SKIP_INSTALL = YES;
			};
			name = Release;
		};
/* End XCBuildConfiguration section */

/* Begin XCConfigurationList section */
		C35331D91B7BCE8A003A7521 /* Build configuration list for PBXProject "Share" */ = {
			isa = XCConfigurationList;
			buildConfigurations = (
				C35331F01B7BCE8A003A7521 /* Debug */,
				C35331F11B7BCE8A003A7521 /* Release */,
			);
			defaultConfigurationIsVisible = 0;
			defaultConfigurationName = Release;
		};
		C35331F21B7BCE8A003A7521 /* Build configuration list for PBXNativeTarget "Share" */ = {
			isa = XCConfigurationList;
			buildConfigurations = (
				C35331F31B7BCE8A003A7521 /* Debug */,
				C35331F41B7BCE8A003A7521 /* Release */,
			);
			defaultConfigurationIsVisible = 0;
			defaultConfigurationName = Release;
		};
/* End XCConfigurationList section */
	};
	rootObject = C35331D61B7BCE8A003A7521 /* Project object */;
}
